
Microsoft Visual Studio Solution File, Format Version 12.00
# Visual Studio Version 17
VisualStudioVersion = 17.9.34728.123
MinimumVisualStudioVersion = 10.0.40219.1
Project("{FAE04EC0-301F-11D3-BF4B-00C04F79EFBC}") = "OlympusBugTracker", "OlympusBugTracker\OlympusBugTracker.csproj", "{8EEC36A8-22F7-49F7-8BDB-A8B6144E02EC}"
EndProject
Project("{FAE04EC0-301F-11D3-BF4B-00C04F79EFBC}") = "OlympusBugTracker.Client", "OlympusBugTracker.Client\OlympusBugTracker.Client.csproj", "{CDC13227-884B-4779-920F-95B740266357}"
EndProject
Global
	GlobalSection(SolutionConfigurationPlatforms) = preSolution
		Debug|Any CPU = Debug|Any CPU
		Release|Any CPU = Release|Any CPU
	EndGlobalSection
	GlobalSection(ProjectConfigurationPlatforms) = postSolution
		{8EEC36A8-22F7-49F7-8BDB-A8B6144E02EC}.Debug|Any CPU.ActiveCfg = Debug|Any CPU
		{8EEC36A8-22F7-49F7-8BDB-A8B6144E02EC}.Debug|Any CPU.Build.0 = Debug|Any CPU
		{8EEC36A8-22F7-49F7-8BDB-A8B6144E02EC}.Release|Any CPU.ActiveCfg = Release|Any CPU
		{8EEC36A8-22F7-49F7-8BDB-A8B6144E02EC}.Release|Any CPU.Build.0 = Release|Any CPU
		{CDC13227-884B-4779-920F-95B740266357}.Debug|Any CPU.ActiveCfg = Debug|Any CPU
		{CDC13227-884B-4779-920F-95B740266357}.Debug|Any CPU.Build.0 = Debug|Any CPU
		{CDC13227-884B-4779-920F-95B740266357}.Release|Any CPU.ActiveCfg = Release|Any CPU
		{CDC13227-884B-4779-920F-95B740266357}.Release|Any CPU.Build.0 = Release|Any CPU
	EndGlobalSection
	GlobalSection(SolutionProperties) = preSolution
		HideSolutionNode = FALSE
	EndGlobalSection
	GlobalSection(ExtensibilityGlobals) = postSolution
		SolutionGuid = {AB840AD9-BEAF-4B52-8515-3C4A55C0B794}
	EndGlobalSection
EndGlobal
